Microsoft Visual Studio Solution File, Format Version 12.00
# Visual Studio Version 17
VisualStudioVersion = 17.5.2.0
MinimumVisualStudioVersion = 10.0.40219.1
Project("{2150E333-8FDC-42A3-9474-1A3956D46DE8}") = "Part I - Raytracing", "Part I - Raytracing", "{EE07649B-50A2-0D86-B353-CB50D6D12CCF}"
EndProject
Project("{2150E333-8FDC-42A3-9474-1A3956D46DE8}") = "Ch02 - Basic Raytracing", "Ch02 - Basic Raytracing", "{87438787-E26F-A908-AB02-FC99487A3143}"
EndProject
Project("{FAE04EC0-301F-11D3-BF4B-00C04F79EFBC}") = "Basic Raytracing", "Part I - Raytracing\Ch02 - Basic Raytracing\Basic Raytracing\Basic Raytracing.csproj", "{8E28AB4C-6BCE-A96F-DFD5-934CFBCD5C39}"
EndProject
Global
	GlobalSection(SolutionConfigurationPlatforms) = preSolution
		Debug|Any CPU = Debug|Any CPU
		Release|Any CPU = Release|Any CPU
	EndGlobalSection
	GlobalSection(ProjectConfigurationPlatforms) = postSolution
		{8E28AB4C-6BCE-A96F-DFD5-934CFBCD5C39}.Debug|Any CPU.ActiveCfg = Debug|Any CPU
		{8E28AB4C-6BCE-A96F-DFD5-934CFBCD5C39}.Debug|Any CPU.Build.0 = Debug|Any CPU
		{8E28AB4C-6BCE-A96F-DFD5-934CFBCD5C39}.Release|Any CPU.ActiveCfg = Release|Any CPU
		{8E28AB4C-6BCE-A96F-DFD5-934CFBCD5C39}.Release|Any CPU.Build.0 = Release|Any CPU
	EndGlobalSection
	GlobalSection(SolutionProperties) = preSolution
		HideSolutionNode = FALSE
	EndGlobalSection
	GlobalSection(NestedProjects) = preSolution
		{87438787-E26F-A908-AB02-FC99487A3143} = {EE07649B-50A2-0D86-B353-CB50D6D12CCF}
		{8E28AB4C-6BCE-A96F-DFD5-934CFBCD5C39} = {87438787-E26F-A908-AB02-FC99487A3143}
	EndGlobalSection
	GlobalSection(ExtensibilityGlobals) = postSolution
		SolutionGuid = {07395F62-1D64-4292-9DC6-0ED642217A38}
	EndGlobalSection
EndGlobal
